
Microsoft Visual Studio Solution File, Format Version 12.00
# Visual Studio 15
VisualStudioVersion = 15.0.28010.2046
MinimumVisualStudioVersion = 10.0.40219.1
Project("{9A19103F-16F7-4668-BE54-9A1E7A4F7556}") = "EjerciciosAritmeticos", "EjerciciosAritmeticos\EjerciciosAritmeticos.csproj", "{65886634-C642-4960-AD37-60A9463DB883}"
EndProject
Project("{9A19103F-16F7-4668-BE54-9A1E7A4F7556}") = "Metodos", "..\..\Metodos\Metodos.csproj", "{84F96068-75F6-4BB2-89A6-1E321B79BD47}"
EndProject
Project("{9A19103F-16F7-4668-BE54-9A1E7A4F7556}") = "operacionesAritmeticas", "operacionesAritmeticas\operacionesAritmeticas.csproj", "{1B9CB7AF-4399-4F89-B3C0-FDF4BB9768FA}"
EndProject
Global
	GlobalSection(SolutionConfigurationPlatforms) = preSolution
		Debug|Any CPU = Debug|Any CPU
		Release|Any CPU = Release|Any CPU
	EndGlobalSection
	GlobalSection(ProjectConfigurationPlatforms) = postSolution
		{65886634-C642-4960-AD37-60A9463DB883}.Debug|Any CPU.ActiveCfg = Debug|Any CPU
		{65886634-C642-4960-AD37-60A9463DB883}.Debug|Any CPU.Build.0 = Debug|Any CPU
		{65886634-C642-4960-AD37-60A9463DB883}.Release|Any CPU.ActiveCfg = Release|Any CPU
		{65886634-C642-4960-AD37-60A9463DB883}.Release|Any CPU.Build.0 = Release|Any CPU
		{84F96068-75F6-4BB2-89A6-1E321B79BD47}.Debug|Any CPU.ActiveCfg = Debug|Any CPU
		{84F96068-75F6-4BB2-89A6-1E321B79BD47}.Debug|Any CPU.Build.0 = Debug|Any CPU
		{84F96068-75F6-4BB2-89A6-1E321B79BD47}.Release|Any CPU.ActiveCfg = Release|Any CPU
		{84F96068-75F6-4BB2-89A6-1E321B79BD47}.Release|Any CPU.Build.0 = Release|Any CPU
		{1B9CB7AF-4399-4F89-B3C0-FDF4BB9768FA}.Debug|Any CPU.ActiveCfg = Debug|Any CPU
		{1B9CB7AF-4399-4F89-B3C0-FDF4BB9768FA}.Debug|Any CPU.Build.0 = Debug|Any CPU
		{1B9CB7AF-4399-4F89-B3C0-FDF4BB9768FA}.Release|Any CPU.ActiveCfg = Release|Any CPU
		{1B9CB7AF-4399-4F89-B3C0-FDF4BB9768FA}.Release|Any CPU.Build.0 = Release|Any CPU
	EndGlobalSection
	GlobalSection(SolutionProperties) = preSolution
		HideSolutionNode = FALSE
	EndGlobalSection
	GlobalSection(ExtensibilityGlobals) = postSolution
		SolutionGuid = {1E54347F-230C-4932-97B1-0EC985A52DE7}
	EndGlobalSection
EndGlobal
